// !$*UTF8*$!
{
	archiveVersion = 1;
	classes = {
	};
	objectVersion = 46;
	objects = {

/* Begin PBXBuildFile section */
		37F918C3F750A02EC0D8A3C1 /* Pods_SwinjectAutoregistration_Tests.framework in Frameworks */ = {isa = PBXBuildFile; fileRef = 8B8E97C31F37A143F40AE611 /* Pods_SwinjectAutoregistration_Tests.framework */; };
		607FACEC1AFB9204008FA782 /* Tests.swift in Sources */ = {isa = PBXBuildFile; fileRef = 607FACEB1AFB9204008FA782 /* Tests.swift */; };
		AC867EBC1D7C254F003307B1 /* AppDelegate.swift in Sources */ = {isa = PBXBuildFile; fileRef = AC867EB31D7C254F003307B1 /* AppDelegate.swift */; };
		AC867EBD1D7C254F003307B1 /* LaunchScreen.xib in Resources */ = {isa = PBXBuildFile; fileRef = AC867EB51D7C254F003307B1 /* LaunchScreen.xib */; };
		AC867EBE1D7C254F003307B1 /* Main.storyboard in Resources */ = {isa = PBXBuildFile; fileRef = AC867EB71D7C254F003307B1 /* Main.storyboard */; };
		AC867EBF1D7C254F003307B1 /* Images.xcassets in Resources */ = {isa = PBXBuildFile; fileRef = AC867EB91D7C254F003307B1 /* Images.xcassets */; };
		AC867EC01D7C254F003307B1 /* Info.plist in Resources */ = {isa = PBXBuildFile; fileRef = AC867EBA1D7C254F003307B1 /* Info.plist */; };
		AC867EC11D7C254F003307B1 /* ViewController.swift in Sources */ = {isa = PBXBuildFile; fileRef = AC867EBB1D7C254F003307B1 /* ViewController.swift */; };
		F1131439E4937D4595E1A62C /* Pods_SwinjectAutoregistration_Example.framework in Frameworks */ = {isa = PBXBuildFile; fileRef = BCDF04FA838C695D691E2503 /* Pods_SwinjectAutoregistration_Example.framework */; };
/* End PBXBuildFile section */

/* Begin PBXContainerItemProxy section */
		607FACE61AFB9204008FA782 /* PBXContainerItemProxy */ = {
			isa = PBXContainerItemProxy;
			containerPortal = 607FACC81AFB9204008FA782 /* Project object */;
			proxyType = 1;
			remoteGlobalIDString = 607FACCF1AFB9204008FA782;
			remoteInfo = ACKSwinject;
		};
/* End PBXContainerItemProxy section */

/* Begin PBXFileReference section */
		0711E8B3C98DC2DCD515743E /* Pods_ACKSwinject_Tests.framework */ = {isa = PBXFileReference; explicitFileType = wrapper.framework; includeInIndex = 0; path = Pods_ACKSwinject_Tests.framework; sourceTree = BUILT_PRODUCTS_DIR; };
		104C751A608321752E85D76C /* LICENSE */ = {isa = PBXFileReference; includeInIndex = 1; lastKnownFileType = text; name = LICENSE; path = ../LICENSE; sourceTree = "<group>"; };
		607FACD01AFB9204008FA782 /* SwinjectAutoregistration_Example.app */ = {isa = PBXFileReference; explicitFileType = wrapper.application; includeInIndex = 0; path = SwinjectAutoregistration_Example.app; sourceTree = BUILT_PRODUCTS_DIR; };
		607FACE51AFB9204008FA782 /* SwinjectAutoregistration_Tests.xctest */ = {isa = PBXFileReference; explicitFileType = wrapper.cfbundle; includeInIndex = 0; path = SwinjectAutoregistration_Tests.xctest; sourceTree = BUILT_PRODUCTS_DIR; };
		607FACEA1AFB9204008FA782 /* Info.plist */ = {isa = PBXFileReference; lastKnownFileType = text.plist.xml; path = Info.plist; sourceTree = "<group>"; };
		607FACEB1AFB9204008FA782 /* Tests.swift */ = {isa = PBXFileReference; lastKnownFileType = sourcecode.swift; path = Tests.swift; sourceTree = "<group>"; };
		6DD43C4CB6E855917EF31C64 /* Pods-SwinjectAutoregistration_Tests.release.xcconfig */ = {isa = PBXFileReference; includeInIndex = 1; lastKnownFileType = text.xcconfig; name = "Pods-SwinjectAutoregistration_Tests.release.xcconfig"; path = "Pods/Target Support Files/Pods-SwinjectAutoregistration_Tests/Pods-SwinjectAutoregistration_Tests.release.xcconfig"; sourceTree = "<group>"; };
		803D93B3C1E2F6259C98C929 /* Pods-SwinjectAutoregistration_Tests.debug.xcconfig */ = {isa = PBXFileReference; includeInIndex = 1; lastKnownFileType = text.xcconfig; name = "Pods-SwinjectAutoregistration_Tests.debug.xcconfig"; path = "Pods/Target Support Files/Pods-SwinjectAutoregistration_Tests/Pods-SwinjectAutoregistration_Tests.debug.xcconfig"; sourceTree = "<group>"; };
		8B8E97C31F37A143F40AE611 /* Pods_SwinjectAutoregistration_Tests.framework */ = {isa = PBXFileReference; explicitFileType = wrapper.framework; includeInIndex = 0; path = Pods_SwinjectAutoregistration_Tests.framework; sourceTree = BUILT_PRODUCTS_DIR; };
		A5CFCF080B12AB4DC2BF1DFA /* README.md */ = {isa = PBXFileReference; includeInIndex = 1; lastKnownFileType = net.daringfireball.markdown; name = README.md; path = ../README.md; sourceTree = "<group>"; };
		AC867EB31D7C254F003307B1 /* AppDelegate.swift */ = {isa = PBXFileReference; fileEncoding = 4; lastKnownFileType = sourcecode.swift; name = AppDelegate.swift; path = SwinjectAutoregistration/AppDelegate.swift; sourceTree = SOURCE_ROOT; };
		AC867EB61D7C254F003307B1 /* Base */ = {isa = PBXFileReference; lastKnownFileType = file.xib; name = Base; path = LaunchScreen.xib; sourceTree = "<group>"; };
		AC867EB81D7C254F003307B1 /* Base */ = {isa = PBXFileReference; lastKnownFileType = file.storyboard; name = Base; path = Main.storyboard; sourceTree = "<group>"; };
		AC867EB91D7C254F003307B1 /* Images.xcassets */ = {isa = PBXFileReference; lastKnownFileType = folder.assetcatalog; name = Images.xcassets; path = SwinjectAutoregistration/Images.xcassets; sourceTree = SOURCE_ROOT; };
		AC867EBA1D7C254F003307B1 /* Info.plist */ = {isa = PBXFileReference; fileEncoding = 4; lastKnownFileType = text.plist.xml; name = Info.plist; path = SwinjectAutoregistration/Info.plist; sourceTree = SOURCE_ROOT; };
		AC867EBB1D7C254F003307B1 /* ViewController.swift */ = {isa = PBXFileReference; fileEncoding = 4; lastKnownFileType = sourcecode.swift; name = ViewController.swift; path = SwinjectAutoregistration/ViewController.swift; sourceTree = SOURCE_ROOT; };
		B2170488BADADDC25D873D11 /* Pods_ACKSwinject_Example.framework */ = {isa = PBXFileReference; explicitFileType = wrapper.framework; includeInIndex = 0; path = Pods_ACKSwinject_Example.framework; sourceTree = BUILT_PRODUCTS_DIR; };
		BCDF04FA838C695D691E2503 /* Pods_SwinjectAutoregistration_Example.framework */ = {isa = PBXFileReference; explicitFileType = wrapper.framework; includeInIndex = 0; path = Pods_SwinjectAutoregistration_Example.framework; sourceTree = BUILT_PRODUCTS_DIR; };
		DBC56E05D00B1028C9851BA5 /* Pods-SwinjectAutoregistration_Example.debug.xcconfig */ = {isa = PBXFileReference; includeInIndex = 1; lastKnownFileType = text.xcconfig; name = "Pods-SwinjectAutoregistration_Example.debug.xcconfig"; path = "Pods/Target Support Files/Pods-SwinjectAutoregistration_Example/Pods-SwinjectAutoregistration_Example.debug.xcconfig"; sourceTree = "<group>"; };
		DFA68EB3E94490B58B5219F9 /* ACKSwinject.podspec */ = {isa = PBXFileReference; includeInIndex = 1; lastKnownFileType = text; name = ACKSwinject.podspec; path = ../ACKSwinject.podspec; sourceTree = "<group>"; };
		FEE0612A8801F9AFC322D88B /* Pods-SwinjectAutoregistration_Example.release.xcconfig */ = {isa = PBXFileReference; includeInIndex = 1; lastKnownFileType = text.xcconfig; name = "Pods-SwinjectAutoregistration_Example.release.xcconfig"; path = "Pods/Target Support Files/Pods-SwinjectAutoregistration_Example/Pods-SwinjectAutoregistration_Example.release.xcconfig"; sourceTree = "<group>"; };
/* End PBXFileReference section */

/* Begin PBXFrameworksBuildPhase section */
		607FACCD1AFB9204008FA782 /* Frameworks */ = {
			isa = PBXFrameworksBuildPhase;
			buildActionMask = 2147483647;
			files = (
				F1131439E4937D4595E1A62C /* Pods_SwinjectAutoregistration_Example.framework in Frameworks */,
			);
			runOnlyForDeploymentPostprocessing = 0;
		};
		607FACE21AFB9204008FA782 /* Frameworks */ = {
			isa = PBXFrameworksBuildPhase;
			buildActionMask = 2147483647;
			files = (
				37F918C3F750A02EC0D8A3C1 /* Pods_SwinjectAutoregistration_Tests.framework in Frameworks */,
			);
			runOnlyForDeploymentPostprocessing = 0;
		};
/* End PBXFrameworksBuildPhase section */

/* Begin PBXGroup section */
		607FACC71AFB9204008FA782 = {
			isa = PBXGroup;
			children = (
				607FACF51AFB993E008FA782 /* Podspec Metadata */,
				607FACD21AFB9204008FA782 /* Example for ACKSwinject */,
				607FACE81AFB9204008FA782 /* Tests */,
				607FACD11AFB9204008FA782 /* Products */,
				A6B622EA50AFBE055D9623B5 /* Pods */,
				96BB29080B517C66D992689E /* Frameworks */,
			);
			sourceTree = "<group>";
		};
		607FACD11AFB9204008FA782 /* Products */ = {
			isa = PBXGroup;
			children = (
				607FACD01AFB9204008FA782 /* SwinjectAutoregistration_Example.app */,
				607FACE51AFB9204008FA782 /* SwinjectAutoregistration_Tests.xctest */,
			);
			name = Products;
			sourceTree = "<group>";
		};
		607FACD21AFB9204008FA782 /* Example for ACKSwinject */ = {
			isa = PBXGroup;
			children = (
				AC867EB31D7C254F003307B1 /* AppDelegate.swift */,
				AC867EB91D7C254F003307B1 /* Images.xcassets */,
				AC867EBB1D7C254F003307B1 /* ViewController.swift */,
				AC867EB41D7C254F003307B1 /* Base.lproj */,
				607FACD31AFB9204008FA782 /* Supporting Files */,
			);
			name = "Example for ACKSwinject";
			path = ACKSwinject;
			sourceTree = "<group>";
		};
		607FACD31AFB9204008FA782 /* Supporting Files */ = {
			isa = PBXGroup;
			children = (
				AC867EBA1D7C254F003307B1 /* Info.plist */,
			);
			name = "Supporting Files";
			sourceTree = "<group>";
		};
		607FACE81AFB9204008FA782 /* Tests */ = {
			isa = PBXGroup;
			children = (
				607FACEB1AFB9204008FA782 /* Tests.swift */,
				607FACE91AFB9204008FA782 /* Supporting Files */,
			);
			path = Tests;
			sourceTree = "<group>";
		};
		607FACE91AFB9204008FA782 /* Supporting Files */ = {
			isa = PBXGroup;
			children = (
				607FACEA1AFB9204008FA782 /* Info.plist */,
			);
			name = "Supporting Files";
			sourceTree = "<group>";
		};
		607FACF51AFB993E008FA782 /* Podspec Metadata */ = {
			isa = PBXGroup;
			children = (
				DFA68EB3E94490B58B5219F9 /* ACKSwinject.podspec */,
				A5CFCF080B12AB4DC2BF1DFA /* README.md */,
				104C751A608321752E85D76C /* LICENSE */,
			);
			name = "Podspec Metadata";
			sourceTree = "<group>";
		};
		96BB29080B517C66D992689E /* Frameworks */ = {
			isa = PBXGroup;
			children = (
				B2170488BADADDC25D873D11 /* Pods_ACKSwinject_Example.framework */,
				0711E8B3C98DC2DCD515743E /* Pods_ACKSwinject_Tests.framework */,
				BCDF04FA838C695D691E2503 /* Pods_SwinjectAutoregistration_Example.framework */,
				8B8E97C31F37A143F40AE611 /* Pods_SwinjectAutoregistration_Tests.framework */,
			);
			name = Frameworks;
			sourceTree = "<group>";
		};
		A6B622EA50AFBE055D9623B5 /* Pods */ = {
			isa = PBXGroup;
			children = (
				DBC56E05D00B1028C9851BA5 /* Pods-SwinjectAutoregistration_Example.debug.xcconfig */,
				FEE0612A8801F9AFC322D88B /* Pods-SwinjectAutoregistration_Example.release.xcconfig */,
				803D93B3C1E2F6259C98C929 /* Pods-SwinjectAutoregistration_Tests.debug.xcconfig */,
				6DD43C4CB6E855917EF31C64 /* Pods-SwinjectAutoregistration_Tests.release.xcconfig */,
			);
			name = Pods;
			sourceTree = "<group>";
		};
		AC867EB41D7C254F003307B1 /* Base.lproj */ = {
			isa = PBXGroup;
			children = (
				AC867EB51D7C254F003307B1 /* LaunchScreen.xib */,
				AC867EB71D7C254F003307B1 /* Main.storyboard */,
			);
			name = Base.lproj;
			path = SwinjectAutoregistration/Base.lproj;
			sourceTree = SOURCE_ROOT;
		};
/* End PBXGroup section */

/* Begin PBXNativeTarget section */
		607FACCF1AFB9204008FA782 /* SwinjectAutoregistration_Example */ = {
			isa = PBXNativeTarget;
			buildConfigurationList = 607FACEF1AFB9204008FA782 /* Build configuration list for PBXNativeTarget "SwinjectAutoregistration_Example" */;
			buildPhases = (
				7931E552C81F32F8D54A2544 /* [CP] Check Pods Manifest.lock */,
				607FACCC1AFB9204008FA782 /* Sources */,
				607FACCD1AFB9204008FA782 /* Frameworks */,
				607FACCE1AFB9204008FA782 /* Resources */,
				D208C20D8B0F7B67B6DD9CA4 /* [CP] Embed Pods Frameworks */,
				0232D93F5B4C8A9320513C1D /* [CP] Copy Pods Resources */,
			);
			buildRules = (
			);
			dependencies = (
			);
			name = SwinjectAutoregistration_Example;
			productName = ACKSwinject;
			productReference = 607FACD01AFB9204008FA782 /* SwinjectAutoregistration_Example.app */;
			productType = "com.apple.product-type.application";
		};
		607FACE41AFB9204008FA782 /* SwinjectAutoregistration_Tests */ = {
			isa = PBXNativeTarget;
			buildConfigurationList = 607FACF21AFB9204008FA782 /* Build configuration list for PBXNativeTarget "SwinjectAutoregistration_Tests" */;
			buildPhases = (
				BA92BD03F2708DB93AD93D24 /* [CP] Check Pods Manifest.lock */,
				607FACE11AFB9204008FA782 /* Sources */,
				607FACE21AFB9204008FA782 /* Frameworks */,
				607FACE31AFB9204008FA782 /* Resources */,
				0FAB15704979CBE21EB4BBAE /* [CP] Embed Pods Frameworks */,
				2DF8FEEBE04A0BB549F3BA25 /* [CP] Copy Pods Resources */,
			);
			buildRules = (
			);
			dependencies = (
				607FACE71AFB9204008FA782 /* PBXTargetDependency */,
			);
			name = SwinjectAutoregistration_Tests;
			productName = Tests;
			productReference = 607FACE51AFB9204008FA782 /* SwinjectAutoregistration_Tests.xctest */;
			productType = "com.apple.product-type.bundle.unit-test";
		};
/* End PBXNativeTarget section */

/* Begin PBXProject section */
		607FACC81AFB9204008FA782 /* Project object */ = {
			isa = PBXProject;
			attributes = {
				LastSwiftUpdateCheck = 0730;
				LastUpgradeCheck = 0720;
				ORGANIZATIONNAME = CocoaPods;
				TargetAttributes = {
					607FACCF1AFB9204008FA782 = {
						CreatedOnToolsVersion = 6.3.1;
					};
					607FACE41AFB9204008FA782 = {
						CreatedOnToolsVersion = 6.3.1;
						TestTargetID = 607FACCF1AFB9204008FA782;
					};
				};
			};
			buildConfigurationList = 607FACCB1AFB9204008FA782 /* Build configuration list for PBXProject "SwinjectAutoregistration" */;
			compatibilityVersion = "Xcode 3.2";
			developmentRegion = English;
			hasScannedForEncodings = 0;
			knownRegions = (
				en,
				Base,
			);
			mainGroup = 607FACC71AFB9204008FA782;
			productRefGroup = 607FACD11AFB9204008FA782 /* Products */;
			projectDirPath = "";
			projectRoot = "";
			targets = (
				607FACCF1AFB9204008FA782 /* SwinjectAutoregistration_Example */,
				607FACE41AFB9204008FA782 /* SwinjectAutoregistration_Tests */,
			);
		};
/* End PBXProject section */

/* Begin PBXResourcesBuildPhase section */
		607FACCE1AFB9204008FA782 /* Resources */ = {
			isa = PBXResourcesBuildPhase;
			buildActionMask = 2147483647;
			files = (
				AC867EC01D7C254F003307B1 /* Info.plist in Resources */,
				AC867EBF1D7C254F003307B1 /* Images.xcassets in Resources */,
				AC867EBD1D7C254F003307B1 /* LaunchScreen.xib in Resources */,
				AC867EBE1D7C254F003307B1 /* Main.storyboard in Resources */,
			);
			runOnlyForDeploymentPostprocessing = 0;
		};
		607FACE31AFB9204008FA782 /* Resources */ = {
			isa = PBXResourcesBuildPhase;
			buildActionMask = 2147483647;
			files = (
			);
			runOnlyForDeploymentPostprocessing = 0;
		};
/* End PBXResourcesBuildPhase section */

/* Begin PBXShellScriptBuildPhase section */
		0232D93F5B4C8A9320513C1D /* [CP] Copy Pods Resources */ = {
			isa = PBXShellScriptBuildPhase;
			buildActionMask = 2147483647;
			files = (
			);
			inputPaths = (
			);
			name = "[CP] Copy Pods Resources";
			outputPaths = (
			);
			runOnlyForDeploymentPostprocessing = 0;
			shellPath = /bin/sh;
			shellScript = "\"${SRCROOT}/Pods/Target Support Files/Pods-SwinjectAutoregistration_Example/Pods-SwinjectAutoregistration_Example-resources.sh\"\n";
			showEnvVarsInLog = 0;
		};
		0FAB15704979CBE21EB4BBAE /* [CP] Embed Pods Frameworks */ = {
			isa = PBXShellScriptBuildPhase;
			buildActionMask = 2147483647;
			files = (
			);
			inputPaths = (
			);
			name = "[CP] Embed Pods Frameworks";
			outputPaths = (
			);
			runOnlyForDeploymentPostprocessing = 0;
			shellPath = /bin/sh;
			shellScript = "\"${SRCROOT}/Pods/Target Support Files/Pods-SwinjectAutoregistration_Tests/Pods-SwinjectAutoregistration_Tests-frameworks.sh\"\n";
			showEnvVarsInLog = 0;
		};
		2DF8FEEBE04A0BB549F3BA25 /* [CP] Copy Pods Resources */ = {
			isa = PBXShellScriptBuildPhase;
			buildActionMask = 2147483647;
			files = (
			);
			inputPaths = (
			);
			name = "[CP] Copy Pods Resources";
			outputPaths = (
			);
			runOnlyForDeploymentPostprocessing = 0;
			shellPath = /bin/sh;
			shellScript = "\"${SRCROOT}/Pods/Target Support Files/Pods-SwinjectAutoregistration_Tests/Pods-SwinjectAutoregistration_Tests-resources.sh\"\n";
			showEnvVarsInLog = 0;
		};
		7931E552C81F32F8D54A2544 /* [CP] Check Pods Manifest.lock */ = {
			isa = PBXShellScriptBuildPhase;
			buildActionMask = 2147483647;
			files = (
			);
			inputPaths = (
			);
			name = "[CP] Check Pods Manifest.lock";
			outputPaths = (
			);
			runOnlyForDeploymentPostprocessing = 0;
			shellPath = /bin/sh;
			shellScript = "diff \"${PODS_ROOT}/../Podfile.lock\" \"${PODS_ROOT}/Manifest.lock\" > /dev/null\nif [[ $? != 0 ]] ; then\n    cat << EOM\nerror: The sandbox is not in sync with the Podfile.lock. Run 'pod install' or update your CocoaPods installation.\nEOM\n    exit 1\nfi\n";
			showEnvVarsInLog = 0;
		};
		BA92BD03F2708DB93AD93D24 /* [CP] Check Pods Manifest.lock */ = {
			isa = PBXShellScriptBuildPhase;
			buildActionMask = 2147483647;
			files = (
			);
			inputPaths = (
			);
			name = "[CP] Check Pods Manifest.lock";
			outputPaths = (
			);
			runOnlyForDeploymentPostprocessing = 0;
			shellPath = /bin/sh;
			shellScript = "diff \"${PODS_ROOT}/../Podfile.lock\" \"${PODS_ROOT}/Manifest.lock\" > /dev/null\nif [[ $? != 0 ]] ; then\n    cat << EOM\nerror: The sandbox is not in sync with the Podfile.lock. Run 'pod install' or update your CocoaPods installation.\nEOM\n    exit 1\nfi\n";
			showEnvVarsInLog = 0;
		};
		D208C20D8B0F7B67B6DD9CA4 /* [CP] Embed Pods Frameworks */ = {
			isa = PBXShellScriptBuildPhase;
			buildActionMask = 2147483647;
			files = (
			);
			inputPaths = (
			);
			name = "[CP] Embed Pods Frameworks";
			outputPaths = (
			);
			runOnlyForDeploymentPostprocessing = 0;
			shellPath = /bin/sh;
			shellScript = "\"${SRCROOT}/Pods/Target Support Files/Pods-SwinjectAutoregistration_Example/Pods-SwinjectAutoregistration_Example-frameworks.sh\"\n";
			showEnvVarsInLog = 0;
		};
/* End PBXShellScriptBuildPhase section */

/* Begin PBXSourcesBuildPhase section */
		607FACCC1AFB9204008FA782 /* Sources */ = {
			isa = PBXSourcesBuildPhase;
			buildActionMask = 2147483647;
			files = (
				AC867EC11D7C254F003307B1 /* ViewController.swift in Sources */,
				AC867EBC1D7C254F003307B1 /* AppDelegate.swift in Sources */,
			);
			runOnlyForDeploymentPostprocessing = 0;
		};
		607FACE11AFB9204008FA782 /* Sources */ = {
			isa = PBXSourcesBuildPhase;
			buildActionMask = 2147483647;
			files = (
				607FACEC1AFB9204008FA782 /* Tests.swift in Sources */,
			);
			runOnlyForDeploymentPostprocessing = 0;
		};
/* End PBXSourcesBuildPhase section */

/* Begin PBXTargetDependency section */
		607FACE71AFB9204008FA782 /* PBXTargetDependency */ = {
			isa = PBXTargetDependency;
			target = 607FACCF1AFB9204008FA782 /* SwinjectAutoregistration_Example */;
			targetProxy = 607FACE61AFB9204008FA782 /* PBXContainerItemProxy */;
		};
/* End PBXTargetDependency section */

/* Begin PBXVariantGroup section */
		AC867EB51D7C254F003307B1 /* LaunchScreen.xib */ = {
			isa = PBXVariantGroup;
			children = (
				AC867EB61D7C254F003307B1 /* Base */,
			);
			name = LaunchScreen.xib;
			sourceTree = "<group>";
		};
		AC867EB71D7C254F003307B1 /* Main.storyboard */ = {
			isa = PBXVariantGroup;
			children = (
				AC867EB81D7C254F003307B1 /* Base */,
			);
			name = Main.storyboard;
			sourceTree = "<group>";
		};
/* End PBXVariantGroup section */

/* Begin XCBuildConfiguration section */
		607FACED1AFB9204008FA782 /* Debug */ = {
			isa = XCBuildConfiguration;
			buildSettings = {
				ALWAYS_SEARCH_USER_PATHS = NO;
				CLANG_CXX_LANGUAGE_STANDARD = "gnu++0x";
				CLANG_CXX_LIBRARY = "libc++";
				CLANG_ENABLE_MODULES = YES;
				CLANG_ENABLE_OBJC_ARC = YES;
				CLANG_WARN_BOOL_CONVERSION = YES;
				CLANG_WARN_CONSTANT_CONVERSION = YES;
				CLANG_WARN_DIRECT_OBJC_ISA_USAGE = YES_ERROR;
				CLANG_WARN_EMPTY_BODY = YES;
				CLANG_WARN_ENUM_CONVERSION = YES;
				CLANG_WARN_INT_CONVERSION = YES;
				CLANG_WARN_OBJC_ROOT_CLASS = YES_ERROR;
				CLANG_WARN_UNREACHABLE_CODE = YES;
				CLANG_WARN__DUPLICATE_METHOD_MATCH = YES;
				"CODE_SIGN_IDENTITY[sdk=iphoneos*]" = "iPhone Developer";
				COPY_PHASE_STRIP = NO;
				DEBUG_INFORMATION_FORMAT = "dwarf-with-dsym";
				ENABLE_STRICT_OBJC_MSGSEND = YES;
				ENABLE_TESTABILITY = YES;
				GCC_C_LANGUAGE_STANDARD = gnu99;
				GCC_DYNAMIC_NO_PIC = NO;
				GCC_NO_COMMON_BLOCKS = YES;
				GCC_OPTIMIZATION_LEVEL = 0;
				GCC_PREPROCESSOR_DEFINITIONS = (
					"DEBUG=1",
					"$(inherited)",
				);
				GCC_SYMBOLS_PRIVATE_EXTERN = NO;
				GCC_WARN_64_TO_32_BIT_CONVERSION = YES;
				GCC_WARN_ABOUT_RETURN_TYPE = YES_ERROR;
				GCC_WARN_UNDECLARED_SELECTOR = YES;
				GCC_WARN_UNINITIALIZED_AUTOS = YES_AGGRESSIVE;
				GCC_WARN_UNUSED_FUNCTION = YES;
				GCC_WARN_UNUSED_VARIABLE = YES;
				IPHONEOS_DEPLOYMENT_TARGET = 8.3;
				MTL_ENABLE_DEBUG_INFO = YES;
				ONLY_ACTIVE_ARCH = YES;
				SDKROOT = iphoneos;
				SWIFT_OPTIMIZATION_LEVEL = "-Onone";
			};
			name = Debug;
		};
		607FACEE1AFB9204008FA782 /* Release */ = {
			isa = XCBuildConfiguration;
			buildSettings = {
				ALWAYS_SEARCH_USER_PATHS = NO;
				CLANG_CXX_LANGUAGE_STANDARD = "gnu++0x";
				CLANG_CXX_LIBRARY = "libc++";
				CLANG_ENABLE_MODULES = YES;
				CLANG_ENABLE_OBJC_ARC = YES;
				CLANG_WARN_BOOL_CONVERSION = YES;
				CLANG_WARN_CONSTANT_CONVERSION = YES;
				CLANG_WARN_DIRECT_OBJC_ISA_USAGE = YES_ERROR;
				CLANG_WARN_EMPTY_BODY = YES;
				CLANG_WARN_ENUM_CONVERSION = YES;
				CLANG_WARN_INT_CONVERSION = YES;
				CLANG_WARN_OBJC_ROOT_CLASS = YES_ERROR;
				CLANG_WARN_UNREACHABLE_CODE = YES;
				CLANG_WARN__DUPLICATE_METHOD_MATCH = YES;
				"CODE_SIGN_IDENTITY[sdk=iphoneos*]" = "iPhone Developer";
				COPY_PHASE_STRIP = NO;
				DEBUG_INFORMATION_FORMAT = "dwarf-with-dsym";
				ENABLE_NS_ASSERTIONS = NO;
				ENABLE_STRICT_OBJC_MSGSEND = YES;
				GCC_C_LANGUAGE_STANDARD = gnu99;
				GCC_NO_COMMON_BLOCKS = YES;
				GCC_WARN_64_TO_32_BIT_CONVERSION = YES;
				GCC_WARN_ABOUT_RETURN_TYPE = YES_ERROR;
				GCC_WARN_UNDECLARED_SELECTOR = YES;
				GCC_WARN_UNINITIALIZED_AUTOS = YES_AGGRESSIVE;
				GCC_WARN_UNUSED_FUNCTION = YES;
				GCC_WARN_UNUSED_VARIABLE = YES;
				IPHONEOS_DEPLOYMENT_TARGET = 8.3;
				MTL_ENABLE_DEBUG_INFO = NO;
				SDKROOT = iphoneos;
				VALIDATE_PRODUCT = YES;
			};
			name = Release;
		};
		607FACF01AFB9204008FA782 /* Debug */ = {
			isa = XCBuildConfiguration;
			baseConfigurationReference = DBC56E05D00B1028C9851BA5 /* Pods-SwinjectAutoregistration_Example.debug.xcconfig */;
			buildSettings = {
				ASSETCATALOG_COMPILER_APPICON_NAME = AppIcon;
				CLANG_ENABLE_MODULES = YES;
				INFOPLIST_FILE = SwinjectAutoregistration/Info.plist;
				LD_RUNPATH_SEARCH_PATHS = "$(inherited) @executable_path/Frameworks";
				MODULE_NAME = ExampleApp;
				PRODUCT_BUNDLE_IDENTIFIER = "org.cocoapods.demo.$(PRODUCT_NAME:rfc1034identifier)";
				PRODUCT_NAME = "$(TARGET_NAME)";
				SWIFT_OPTIMIZATION_LEVEL = "-Onone";
			};
			name = Debug;
		};
		607FACF11AFB9204008FA782 /* Release */ = {
			isa = XCBuildConfiguration;
			baseConfigurationReference = FEE0612A8801F9AFC322D88B /* Pods-SwinjectAutoregistration_Example.release.xcconfig */;
			buildSettings = {
				ASSETCATALOG_COMPILER_APPICON_NAME = AppIcon;
				CLANG_ENABLE_MODULES = YES;
				INFOPLIST_FILE = SwinjectAutoregistration/Info.plist;
				LD_RUNPATH_SEARCH_PATHS = "$(inherited) @executable_path/Frameworks";
				MODULE_NAME = ExampleApp;
				PRODUCT_BUNDLE_IDENTIFIER = "org.cocoapods.demo.$(PRODUCT_NAME:rfc1034identifier)";
				PRODUCT_NAME = "$(TARGET_NAME)";
			};
			name = Release;
		};
		607FACF31AFB9204008FA782 /* Debug */ = {
			isa = XCBuildConfiguration;
			baseConfigurationReference = 803D93B3C1E2F6259C98C929 /* Pods-SwinjectAutoregistration_Tests.debug.xcconfig */;
			buildSettings = {
				FRAMEWORK_SEARCH_PATHS = (
					"$(inherited)/**",
					"\"$PODS_CONFIGURATION_BUILD_DIR/ACKSwinject\"/**",
					"\"$PODS_CONFIGURATION_BUILD_DIR/Swinject\"/**",
				);
				GCC_PREPROCESSOR_DEFINITIONS = (
					"DEBUG=1",
					"$(inherited)",
				);
				INFOPLIST_FILE = Tests/Info.plist;
				LD_RUNPATH_SEARCH_PATHS = "$(inherited) @executable_path/Frameworks @loader_path/Frameworks";
				PRODUCT_BUNDLE_IDENTIFIER = "org.cocoapods.$(PRODUCT_NAME:rfc1034identifier)";
				PRODUCT_NAME = "$(TARGET_NAME)";
				TEST_HOST = "$(BUILT_PRODUCTS_DIR)/SwinjectAutoregistration_Example.app/SwinjectAutoregistration_Example";
			};
			name = Debug;
		};
		607FACF41AFB9204008FA782 /* Release */ = {
			isa = XCBuildConfiguration;
			baseConfigurationReference = 6DD43C4CB6E855917EF31C64 /* Pods-SwinjectAutoregistration_Tests.release.xcconfig */;
			buildSettings = {
				FRAMEWORK_SEARCH_PATHS = (
					"$(inherited)",
					"\"$PODS_CONFIGURATION_BUILD_DIR/ACKSwinject\"",
					"\"$PODS_CONFIGURATION_BUILD_DIR/Swinject\"",
				);
				INFOPLIST_FILE = Tests/Info.plist;
				LD_RUNPATH_SEARCH_PATHS = "$(inherited) @executable_path/Frameworks @loader_path/Frameworks";
				PRODUCT_BUNDLE_IDENTIFIER = "org.cocoapods.$(PRODUCT_NAME:rfc1034identifier)";
				PRODUCT_NAME = "$(TARGET_NAME)";
				TEST_HOST = "$(BUILT_PRODUCTS_DIR)/SwinjectAutoregistration_Example.app/SwinjectAutoregistration_Example";
			};
			name = Release;
		};
/* End XCBuildConfiguration section */

/* Begin XCConfigurationList section */
		607FACCB1AFB9204008FA782 /* Build configuration list for PBXProject "SwinjectAutoregistration" */ = {
			isa = XCConfigurationList;
			buildConfigurations = (
				607FACED1AFB9204008FA782 /* Debug */,
				607FACEE1AFB9204008FA782 /* Release */,
			);
			defaultConfigurationIsVisible = 0;
			defaultConfigurationName = Release;
		};
		607FACEF1AFB9204008FA782 /* Build configuration list for PBXNativeTarget "SwinjectAutoregistration_Example" */ = {
			isa = XCConfigurationList;
			buildConfigurations = (
				607FACF01AFB9204008FA782 /* Debug */,
				607FACF11AFB9204008FA782 /* Release */,
			);
			defaultConfigurationIsVisible = 0;
			defaultConfigurationName = Release;
		};
		607FACF21AFB9204008FA782 /* Build configuration list for PBXNativeTarget "SwinjectAutoregistration_Tests" */ = {
			isa = XCConfigurationList;
			buildConfigurations = (
				607FACF31AFB9204008FA782 /* Debug */,
				607FACF41AFB9204008FA782 /* Release */,
			);
			defaultConfigurationIsVisible = 0;
			defaultConfigurationName = Release;
		};
/* End XCConfigurationList section */
	};
	rootObject = 607FACC81AFB9204008FA782 /* Project object */;
}
